
Microsoft Visual Studio Solution File, Format Version 12.00
# Visual Studio Version 17
VisualStudioVersion = 17.0.31919.166
MinimumVisualStudioVersion = 10.0.40219.1
Project("{9A19103F-16F7-4668-BE54-9A1E7A4F7556}") = "TikzAutomata", "TikzAutomata\TikzAutomata.csproj", "{86DA548D-956D-4837-ADE5-719F4749C878}"
EndProject
Project("{FAE04EC0-301F-11D3-BF4B-00C04F79EFBC}") = "TikzAutomata.Scratch", "TikzAutomata.Scratch\TikzAutomata.Scratch.csproj", "{522BB3D3-2443-4D5B-A3F6-FE9E9E7671F5}"
EndProject
Global
	GlobalSection(SolutionConfigurationPlatforms) = preSolution
		Debug|Any CPU = Debug|Any CPU
		Release|Any CPU = Release|Any CPU
	EndGlobalSection
	GlobalSection(ProjectConfigurationPlatforms) = postSolution
		{86DA548D-956D-4837-ADE5-719F4749C878}.Debug|Any CPU.ActiveCfg = Debug|Any CPU
		{86DA548D-956D-4837-ADE5-719F4749C878}.Debug|Any CPU.Build.0 = Debug|Any CPU
		{86DA548D-956D-4837-ADE5-719F4749C878}.Release|Any CPU.ActiveCfg = Release|Any CPU
		{86DA548D-956D-4837-ADE5-719F4749C878}.Release|Any CPU.Build.0 = Release|Any CPU
		{522BB3D3-2443-4D5B-A3F6-FE9E9E7671F5}.Debug|Any CPU.ActiveCfg = Debug|Any CPU
		{522BB3D3-2443-4D5B-A3F6-FE9E9E7671F5}.Debug|Any CPU.Build.0 = Debug|Any CPU
		{522BB3D3-2443-4D5B-A3F6-FE9E9E7671F5}.Release|Any CPU.ActiveCfg = Release|Any CPU
		{522BB3D3-2443-4D5B-A3F6-FE9E9E7671F5}.Release|Any CPU.Build.0 = Release|Any CPU
	EndGlobalSection
	GlobalSection(SolutionProperties) = preSolution
		HideSolutionNode = FALSE
	EndGlobalSection
	GlobalSection(ExtensibilityGlobals) = postSolution
		SolutionGuid = {55225433-5B8A-431D-BC7C-3B1C25104543}
	EndGlobalSection
EndGlobal
